
Microsoft Visual Studio Solution File, Format Version 12.00
# Visual Studio Version 16
VisualStudioVersion = 16.0.31112.23
MinimumVisualStudioVersion = 10.0.40219.1
Project("{FAE04EC0-301F-11D3-BF4B-00C04F79EFBC}") = "VenditaPanini", "VenditaPanini\VenditaPanini.csproj", "{7C87E8AD-D559-4776-B540-14988A0F7624}"
EndProject
Global
	GlobalSection(SolutionConfigurationPlatforms) = preSolution
		Debug|Any CPU = Debug|Any CPU
		Release|Any CPU = Release|Any CPU
	EndGlobalSection
	GlobalSection(ProjectConfigurationPlatforms) = postSolution
		{7C87E8AD-D559-4776-B540-14988A0F7624}.Debug|Any CPU.ActiveCfg = Debug|Any CPU
		{7C87E8AD-D559-4776-B540-14988A0F7624}.Debug|Any CPU.Build.0 = Debug|Any CPU
		{7C87E8AD-D559-4776-B540-14988A0F7624}.Release|Any CPU.ActiveCfg = Release|Any CPU
		{7C87E8AD-D559-4776-B540-14988A0F7624}.Release|Any CPU.Build.0 = Release|Any CPU
	EndGlobalSection
	GlobalSection(SolutionProperties) = preSolution
		HideSolutionNode = FALSE
	EndGlobalSection
	GlobalSection(ExtensibilityGlobals) = postSolution
		SolutionGuid = {DBE739D8-D194-4BA0-B024-A96C329A5E9F}
	EndGlobalSection
EndGlobal
